
Microsoft Visual Studio Solution File, Format Version 12.00
# Visual Studio Version 16
VisualStudioVersion = 16.0.30204.135
MinimumVisualStudioVersion = 10.0.40219.1
Project("{FAE04EC0-301F-11D3-BF4B-00C04F79EFBC}") = "GUI_BusSystemManagement", "BusSystemManagement\GUI_BusSystemManagement.csproj", "{ACF123AD-F7CC-4299-B873-37A19672B61A}"
EndProject
Project("{FAE04EC0-301F-11D3-BF4B-00C04F79EFBC}") = "DTO_BusSystemManagement", "DTO_BusSystemManagement\DTO_BusSystemManagement.csproj", "{99A5DDBC-053E-4567-A3F7-9389F9471B25}"
EndProject
Project("{FAE04EC0-301F-11D3-BF4B-00C04F79EFBC}") = "BUS_BusSystemManagement", "BUS_BusSystemManagement\BUS_BusSystemManagement.csproj", "{D235D54D-2F16-49C2-B15B-21BF7CCF2953}"
EndProject
Project("{FAE04EC0-301F-11D3-BF4B-00C04F79EFBC}") = "DAL_BusSystemManagement", "DAL_BusSystemManagement\DAL_BusSystemManagement.csproj", "{6A473353-FE96-4320-BB40-E2E69D3AB429}"
EndProject
Global
	GlobalSection(SolutionConfigurationPlatforms) = preSolution
		Debug|Any CPU = Debug|Any CPU
		Release|Any CPU = Release|Any CPU
	EndGlobalSection
	GlobalSection(ProjectConfigurationPlatforms) = postSolution
		{ACF123AD-F7CC-4299-B873-37A19672B61A}.Debug|Any CPU.ActiveCfg = Debug|Any CPU
		{ACF123AD-F7CC-4299-B873-37A19672B61A}.Debug|Any CPU.Build.0 = Debug|Any CPU
		{ACF123AD-F7CC-4299-B873-37A19672B61A}.Release|Any CPU.ActiveCfg = Release|Any CPU
		{ACF123AD-F7CC-4299-B873-37A19672B61A}.Release|Any CPU.Build.0 = Release|Any CPU
		{99A5DDBC-053E-4567-A3F7-9389F9471B25}.Debug|Any CPU.ActiveCfg = Debug|Any CPU
		{99A5DDBC-053E-4567-A3F7-9389F9471B25}.Debug|Any CPU.Build.0 = Debug|Any CPU
		{99A5DDBC-053E-4567-A3F7-9389F9471B25}.Release|Any CPU.ActiveCfg = Release|Any CPU
		{99A5DDBC-053E-4567-A3F7-9389F9471B25}.Release|Any CPU.Build.0 = Release|Any CPU
		{D235D54D-2F16-49C2-B15B-21BF7CCF2953}.Debug|Any CPU.ActiveCfg = Debug|Any CPU
		{D235D54D-2F16-49C2-B15B-21BF7CCF2953}.Debug|Any CPU.Build.0 = Debug|Any CPU
		{D235D54D-2F16-49C2-B15B-21BF7CCF2953}.Release|Any CPU.ActiveCfg = Release|Any CPU
		{D235D54D-2F16-49C2-B15B-21BF7CCF2953}.Release|Any CPU.Build.0 = Release|Any CPU
		{6A473353-FE96-4320-BB40-E2E69D3AB429}.Debug|Any CPU.ActiveCfg = Debug|Any CPU
		{6A473353-FE96-4320-BB40-E2E69D3AB429}.Debug|Any CPU.Build.0 = Debug|Any CPU
		{6A473353-FE96-4320-BB40-E2E69D3AB429}.Release|Any CPU.ActiveCfg = Release|Any CPU
		{6A473353-FE96-4320-BB40-E2E69D3AB429}.Release|Any CPU.Build.0 = Release|Any CPU
	EndGlobalSection
	GlobalSection(SolutionProperties) = preSolution
		HideSolutionNode = FALSE
	EndGlobalSection
	GlobalSection(ExtensibilityGlobals) = postSolution
		SolutionGuid = {A7D4CE6B-A852-4F7F-8849-FAB608B4F8BC}
	EndGlobalSection
EndGlobal
